{
  "name": "@ohos/account",
  "version": "1.0.0",
  "lockfileVersion": 1,
  "requires": true,
  "dependencies": {
    "@ohos/common": {
      "version": "file:../../common",
      "dev": true
    },
    "@ohos/contact": {
      "version": "file:../contact",
      "dev": true,
      "dependencies": {
        "@ohos/common": {}
      }
    }
  }
}
